
Microsoft Visual Studio Solution File, Format Version 12.00
# Visual Studio Version 17
VisualStudioVersion = 17.8.34316.72
MinimumVisualStudioVersion = 10.0.40219.1
Project("{9A19103F-16F7-4668-BE54-9A1E7A4F7556}") = "VehicleApp", "VehicleApp\VehicleApp.csproj", "{EA8A3565-62EC-4FF8-8EF1-951F19DD0525}"
EndProject
Project("{9A19103F-16F7-4668-BE54-9A1E7A4F7556}") = "ProblemSolving", "ProblemSolving\ProblemSolving.csproj", "{9E9ACFDA-E54B-46FD-9207-AC6C522C9716}"
EndProject
Project("{FAE04EC0-301F-11D3-BF4B-00C04F79EFBC}") = "ProblemSolving.Tests", "ProblemSolving.Tests\ProblemSolving.Tests.csproj", "{91077634-E485-495B-8AFA-3A6E83E02EDD}"
EndProject
Global
	GlobalSection(SolutionConfigurationPlatforms) = preSolution
		Debug|Any CPU = Debug|Any CPU
		Release|Any CPU = Release|Any CPU
	EndGlobalSection
	GlobalSection(ProjectConfigurationPlatforms) = postSolution
		{EA8A3565-62EC-4FF8-8EF1-951F19DD0525}.Debug|Any CPU.ActiveCfg = Debug|Any CPU
		{EA8A3565-62EC-4FF8-8EF1-951F19DD0525}.Debug|Any CPU.Build.0 = Debug|Any CPU
		{EA8A3565-62EC-4FF8-8EF1-951F19DD0525}.Release|Any CPU.ActiveCfg = Release|Any CPU
		{EA8A3565-62EC-4FF8-8EF1-951F19DD0525}.Release|Any CPU.Build.0 = Release|Any CPU
		{9E9ACFDA-E54B-46FD-9207-AC6C522C9716}.Debug|Any CPU.ActiveCfg = Debug|Any CPU
		{9E9ACFDA-E54B-46FD-9207-AC6C522C9716}.Debug|Any CPU.Build.0 = Debug|Any CPU
		{9E9ACFDA-E54B-46FD-9207-AC6C522C9716}.Release|Any CPU.ActiveCfg = Release|Any CPU
		{9E9ACFDA-E54B-46FD-9207-AC6C522C9716}.Release|Any CPU.Build.0 = Release|Any CPU
		{91077634-E485-495B-8AFA-3A6E83E02EDD}.Debug|Any CPU.ActiveCfg = Debug|Any CPU
		{91077634-E485-495B-8AFA-3A6E83E02EDD}.Debug|Any CPU.Build.0 = Debug|Any CPU
		{91077634-E485-495B-8AFA-3A6E83E02EDD}.Release|Any CPU.ActiveCfg = Release|Any CPU
		{91077634-E485-495B-8AFA-3A6E83E02EDD}.Release|Any CPU.Build.0 = Release|Any CPU
	EndGlobalSection
	GlobalSection(SolutionProperties) = preSolution
		HideSolutionNode = FALSE
	EndGlobalSection
	GlobalSection(ExtensibilityGlobals) = postSolution
		SolutionGuid = {DE79B828-3098-4AD1-8E15-300B1CA10DE2}
	EndGlobalSection
EndGlobal
